{
  "name": "memory-store-skill",
  "version": "1.0.2",
  "lockfileVersion": 3,
  "requires": true,
  "packages": {
    "": {
      "name": "memory-store-skill",
      "version": "1.0.2",
      "license": "MIT",
      "bin": {
        "memory-store": "scripts/memory_cli.js",
        "memory-store-install": "scripts/install.js"
      },
      "engines": {
        "node": ">=18"
      }
    }
  }
}
