{
  "name": "memory-store-skill",
  "version": "0.0.1",
  "lockfileVersion": 3,
  "requires": true,
  "packages": {
    "": {
      "name": "memory-store-skill",
      "version": "0.0.1",
      "license": "MIT",
      "dependencies": {
        "memory-store-skill": "^1.0.0"
      },
      "bin": {
        "memory-store": "scripts/memory_cli.js",
        "memory-store-install": "scripts/install.js"
      },
      "engines": {
        "node": ">=18"
      }
    },
    "node_modules/memory-store-skill": {
      "version": "1.0.0",
      "resolved": "https://registry.npmjs.org/memory-store-skill/-/memory-store-skill-1.0.0.tgz",
      "integrity": "sha512-BUYhx34GiVw1FPYabj7tGzBcgThkud5W6hzsc6LVEjeIxndD2sUaQ/tnF1qJipy5r7WtRwkOcPiHUwBooFADSQ==",
      "license": "MIT",
      "bin": {
        "memory-store": "scripts/memory_cli.js",
        "memory-store-install": "scripts/install.js"
      },
      "engines": {
        "node": ">=18"
      }
    }
  }
}
